
Microsoft Visual Studio Solution File, Format Version 12.00
# Visual Studio Version 16
VisualStudioVersion = 16.0.31624.102
MinimumVisualStudioVersion = 10.0.40219.1
Project("{9A19103F-16F7-4668-BE54-9A1E7A4F7556}") = "myHouse.Models", "myHouse.Models\myHouse.Models.csproj", "{60859D8E-19B9-4D0C-B8B6-7EC4842CF76E}"
EndProject
Project("{9092AA53-FB77-4645-B42D-1CCCA6BD08BD}") = "myHouse.Client", "myHouse.Client\myHouse.Client.njsproj", "{7FAA118D-81FC-41F8-8DEF-FBAE6487903B}"
EndProject
Project("{9A19103F-16F7-4668-BE54-9A1E7A4F7556}") = "myHouse.DAL", "myHouse.DAL\myHouse.DAL.csproj", "{21120058-978E-4923-ACAE-D8106A1D5AE1}"
EndProject
Project("{9A19103F-16F7-4668-BE54-9A1E7A4F7556}") = "myHouse.Logic", "myHouse.Logic\myHouse.Logic.csproj", "{B2026601-201F-4CD1-8334-D00A0450C478}"
EndProject
Project("{9A19103F-16F7-4668-BE54-9A1E7A4F7556}") = "myHouse", "myHouse\myHouse.csproj", "{78DEF7E1-9CE2-45FC-A585-3063F03DDE5D}"
EndProject
Global
	GlobalSection(SolutionConfigurationPlatforms) = preSolution
		Debug|Any CPU = Debug|Any CPU
		Release|Any CPU = Release|Any CPU
	EndGlobalSection
	GlobalSection(ProjectConfigurationPlatforms) = postSolution
		{60859D8E-19B9-4D0C-B8B6-7EC4842CF76E}.Debug|Any CPU.ActiveCfg = Debug|Any CPU
		{60859D8E-19B9-4D0C-B8B6-7EC4842CF76E}.Debug|Any CPU.Build.0 = Debug|Any CPU
		{60859D8E-19B9-4D0C-B8B6-7EC4842CF76E}.Release|Any CPU.ActiveCfg = Release|Any CPU
		{60859D8E-19B9-4D0C-B8B6-7EC4842CF76E}.Release|Any CPU.Build.0 = Release|Any CPU
		{7FAA118D-81FC-41F8-8DEF-FBAE6487903B}.Debug|Any CPU.ActiveCfg = Debug|Any CPU
		{7FAA118D-81FC-41F8-8DEF-FBAE6487903B}.Debug|Any CPU.Build.0 = Debug|Any CPU
		{7FAA118D-81FC-41F8-8DEF-FBAE6487903B}.Release|Any CPU.ActiveCfg = Release|Any CPU
		{7FAA118D-81FC-41F8-8DEF-FBAE6487903B}.Release|Any CPU.Build.0 = Release|Any CPU
		{21120058-978E-4923-ACAE-D8106A1D5AE1}.Debug|Any CPU.ActiveCfg = Debug|Any CPU
		{21120058-978E-4923-ACAE-D8106A1D5AE1}.Debug|Any CPU.Build.0 = Debug|Any CPU
		{21120058-978E-4923-ACAE-D8106A1D5AE1}.Release|Any CPU.ActiveCfg = Release|Any CPU
		{21120058-978E-4923-ACAE-D8106A1D5AE1}.Release|Any CPU.Build.0 = Release|Any CPU
		{B2026601-201F-4CD1-8334-D00A0450C478}.Debug|Any CPU.ActiveCfg = Debug|Any CPU
		{B2026601-201F-4CD1-8334-D00A0450C478}.Debug|Any CPU.Build.0 = Debug|Any CPU
		{B2026601-201F-4CD1-8334-D00A0450C478}.Release|Any CPU.ActiveCfg = Release|Any CPU
		{B2026601-201F-4CD1-8334-D00A0450C478}.Release|Any CPU.Build.0 = Release|Any CPU
		{78DEF7E1-9CE2-45FC-A585-3063F03DDE5D}.Debug|Any CPU.ActiveCfg = Debug|Any CPU
		{78DEF7E1-9CE2-45FC-A585-3063F03DDE5D}.Debug|Any CPU.Build.0 = Debug|Any CPU
		{78DEF7E1-9CE2-45FC-A585-3063F03DDE5D}.Release|Any CPU.ActiveCfg = Release|Any CPU
		{78DEF7E1-9CE2-45FC-A585-3063F03DDE5D}.Release|Any CPU.Build.0 = Release|Any CPU
	EndGlobalSection
	GlobalSection(SolutionProperties) = preSolution
		HideSolutionNode = FALSE
	EndGlobalSection
	GlobalSection(ExtensibilityGlobals) = postSolution
		SolutionGuid = {947905AF-FE3A-4FBC-9AC4-1CB12471D470}
	EndGlobalSection
EndGlobal
