
Microsoft Visual Studio Solution File, Format Version 12.00
# Visual Studio Version 17
VisualStudioVersion = 17.0.31919.166
MinimumVisualStudioVersion = 10.0.40219.1
Project("{9A19103F-16F7-4668-BE54-9A1E7A4F7556}") = "myHouse", "myHouse\myHouse.csproj", "{FB9BD0D1-06E1-4318-A212-23C9DD7489D7}"
EndProject
Project("{9A19103F-16F7-4668-BE54-9A1E7A4F7556}") = "myHouse.DAL", "myHouse.DAL\myHouse.DAL.csproj", "{BF5DCA71-8BFC-404D-A734-C904D7EE2E1A}"
EndProject
Project("{9A19103F-16F7-4668-BE54-9A1E7A4F7556}") = "myHouse.Logic", "myHouse.Logic\myHouse.Logic.csproj", "{C4977E82-BF38-4EF1-BFE3-19F02C0DE6C3}"
EndProject
Project("{9A19103F-16F7-4668-BE54-9A1E7A4F7556}") = "myHouse.Models", "myHouse.Models\myHouse.Models.csproj", "{24980502-8E0E-4C2D-8044-8DBA63D8EC98}"
EndProject
Project("{9092AA53-FB77-4645-B42D-1CCCA6BD08BD}") = "myHouse.Client", "myHouse.Client\myHouse.Client.njsproj", "{7FAA118D-81FC-41F8-8DEF-FBAE6487903B}"
EndProject
Project("{9092AA53-FB77-4645-B42D-1CCCA6BD08BD}") = "myHouse.Client.AdminDashboard", "myHouse.Client.AdminDashboard\myHouse.Client.AdminDashboard.njsproj", "{C0680A68-890A-4369-B5D6-5C36A6EABA5C}"
EndProject
Project("{9A19103F-16F7-4668-BE54-9A1E7A4F7556}") = "myHouse.EmailService", "myHouse.EmailService\myHouse.EmailService.csproj", "{77EDD0E0-1F66-4FB9-9373-0D0203D4485C}"
EndProject
Global
	GlobalSection(SolutionConfigurationPlatforms) = preSolution
		Debug|Any CPU = Debug|Any CPU
		Release|Any CPU = Release|Any CPU
	EndGlobalSection
	GlobalSection(ProjectConfigurationPlatforms) = postSolution
		{FB9BD0D1-06E1-4318-A212-23C9DD7489D7}.Debug|Any CPU.ActiveCfg = Debug|Any CPU
		{FB9BD0D1-06E1-4318-A212-23C9DD7489D7}.Debug|Any CPU.Build.0 = Debug|Any CPU
		{FB9BD0D1-06E1-4318-A212-23C9DD7489D7}.Release|Any CPU.ActiveCfg = Release|Any CPU
		{FB9BD0D1-06E1-4318-A212-23C9DD7489D7}.Release|Any CPU.Build.0 = Release|Any CPU
		{BF5DCA71-8BFC-404D-A734-C904D7EE2E1A}.Debug|Any CPU.ActiveCfg = Debug|Any CPU
		{BF5DCA71-8BFC-404D-A734-C904D7EE2E1A}.Debug|Any CPU.Build.0 = Debug|Any CPU
		{BF5DCA71-8BFC-404D-A734-C904D7EE2E1A}.Release|Any CPU.ActiveCfg = Release|Any CPU
		{BF5DCA71-8BFC-404D-A734-C904D7EE2E1A}.Release|Any CPU.Build.0 = Release|Any CPU
		{C4977E82-BF38-4EF1-BFE3-19F02C0DE6C3}.Debug|Any CPU.ActiveCfg = Debug|Any CPU
		{C4977E82-BF38-4EF1-BFE3-19F02C0DE6C3}.Debug|Any CPU.Build.0 = Debug|Any CPU
		{C4977E82-BF38-4EF1-BFE3-19F02C0DE6C3}.Release|Any CPU.ActiveCfg = Release|Any CPU
		{C4977E82-BF38-4EF1-BFE3-19F02C0DE6C3}.Release|Any CPU.Build.0 = Release|Any CPU
		{24980502-8E0E-4C2D-8044-8DBA63D8EC98}.Debug|Any CPU.ActiveCfg = Debug|Any CPU
		{24980502-8E0E-4C2D-8044-8DBA63D8EC98}.Debug|Any CPU.Build.0 = Debug|Any CPU
		{24980502-8E0E-4C2D-8044-8DBA63D8EC98}.Release|Any CPU.ActiveCfg = Release|Any CPU
		{24980502-8E0E-4C2D-8044-8DBA63D8EC98}.Release|Any CPU.Build.0 = Release|Any CPU
		{7FAA118D-81FC-41F8-8DEF-FBAE6487903B}.Debug|Any CPU.ActiveCfg = Debug|Any CPU
		{7FAA118D-81FC-41F8-8DEF-FBAE6487903B}.Debug|Any CPU.Build.0 = Debug|Any CPU
		{7FAA118D-81FC-41F8-8DEF-FBAE6487903B}.Release|Any CPU.ActiveCfg = Release|Any CPU
		{7FAA118D-81FC-41F8-8DEF-FBAE6487903B}.Release|Any CPU.Build.0 = Release|Any CPU
		{C0680A68-890A-4369-B5D6-5C36A6EABA5C}.Debug|Any CPU.ActiveCfg = Debug|Any CPU
		{C0680A68-890A-4369-B5D6-5C36A6EABA5C}.Debug|Any CPU.Build.0 = Debug|Any CPU
		{C0680A68-890A-4369-B5D6-5C36A6EABA5C}.Release|Any CPU.ActiveCfg = Release|Any CPU
		{C0680A68-890A-4369-B5D6-5C36A6EABA5C}.Release|Any CPU.Build.0 = Release|Any CPU
		{77EDD0E0-1F66-4FB9-9373-0D0203D4485C}.Debug|Any CPU.ActiveCfg = Debug|Any CPU
		{77EDD0E0-1F66-4FB9-9373-0D0203D4485C}.Debug|Any CPU.Build.0 = Debug|Any CPU
		{77EDD0E0-1F66-4FB9-9373-0D0203D4485C}.Release|Any CPU.ActiveCfg = Release|Any CPU
		{77EDD0E0-1F66-4FB9-9373-0D0203D4485C}.Release|Any CPU.Build.0 = Release|Any CPU
	EndGlobalSection
	GlobalSection(SolutionProperties) = preSolution
		HideSolutionNode = FALSE
	EndGlobalSection
	GlobalSection(ExtensibilityGlobals) = postSolution
		SolutionGuid = {DFCBFF54-FBB7-4993-BB84-BA98830ECF79}
	EndGlobalSection
EndGlobal
