
Microsoft Visual Studio Solution File, Format Version 12.00
# Visual Studio Version 16
VisualStudioVersion = 16.0.31624.102
MinimumVisualStudioVersion = 10.0.40219.1
Project("{FAE04EC0-301F-11D3-BF4B-00C04F79EFBC}") = "myHouse", "myHouse\myHouse.csproj", "{371D8A68-A631-452F-BB0D-DEC608CD24A6}"
EndProject
Global
	GlobalSection(SolutionConfigurationPlatforms) = preSolution
		Debug|Any CPU = Debug|Any CPU
		Release|Any CPU = Release|Any CPU
	EndGlobalSection
	GlobalSection(ProjectConfigurationPlatforms) = postSolution
		{371D8A68-A631-452F-BB0D-DEC608CD24A6}.Debug|Any CPU.ActiveCfg = Debug|Any CPU
		{371D8A68-A631-452F-BB0D-DEC608CD24A6}.Debug|Any CPU.Build.0 = Debug|Any CPU
		{371D8A68-A631-452F-BB0D-DEC608CD24A6}.Release|Any CPU.ActiveCfg = Release|Any CPU
		{371D8A68-A631-452F-BB0D-DEC608CD24A6}.Release|Any CPU.Build.0 = Release|Any CPU
	EndGlobalSection
	GlobalSection(SolutionProperties) = preSolution
		HideSolutionNode = FALSE
	EndGlobalSection
	GlobalSection(ExtensibilityGlobals) = postSolution
		SolutionGuid = {947905AF-FE3A-4FBC-9AC4-1CB12471D470}
	EndGlobalSection
EndGlobal
